
Microsoft Visual Studio Solution File, Format Version 12.00
# Visual Studio 15
VisualStudioVersion = 15.0.28010.2026
MinimumVisualStudioVersion = 10.0.40219.1
Project("{8BC9CEB8-8B4A-11D0-8D11-00A0C91BC942}") = "CrusaderCaves", "CrusaderCaves\CrusaderCaves.vcxproj", "{F62E43FB-2715-4EC7-B72E-CF1EFC2BBA29}"
EndProject
Project("{2150E333-8FDC-42A3-9474-1A3956D46DE8}") = "Solution Items", "Solution Items", "{8545BE1C-E6C0-4C6D-952A-C5D1580B0406}"
	ProjectSection(SolutionItems) = preProject
		..\JMarriner_COMP340_Project1\JMarriner_COMP340_Project1\LinkedList.h = ..\JMarriner_COMP340_Project1\JMarriner_COMP340_Project1\LinkedList.h
	EndProjectSection
EndProject
Global
	GlobalSection(SolutionConfigurationPlatforms) = preSolution
		Debug|x64 = Debug|x64
		Debug|x86 = Debug|x86
		Release|x64 = Release|x64
		Release|x86 = Release|x86
	EndGlobalSection
	GlobalSection(ProjectConfigurationPlatforms) = postSolution
		{F62E43FB-2715-4EC7-B72E-CF1EFC2BBA29}.Debug|x64.ActiveCfg = Debug|x64
		{F62E43FB-2715-4EC7-B72E-CF1EFC2BBA29}.Debug|x64.Build.0 = Debug|x64
		{F62E43FB-2715-4EC7-B72E-CF1EFC2BBA29}.Debug|x86.ActiveCfg = Debug|Win32
		{F62E43FB-2715-4EC7-B72E-CF1EFC2BBA29}.Debug|x86.Build.0 = Debug|Win32
		{F62E43FB-2715-4EC7-B72E-CF1EFC2BBA29}.Release|x64.ActiveCfg = Release|x64
		{F62E43FB-2715-4EC7-B72E-CF1EFC2BBA29}.Release|x64.Build.0 = Release|x64
		{F62E43FB-2715-4EC7-B72E-CF1EFC2BBA29}.Release|x86.ActiveCfg = Release|Win32
		{F62E43FB-2715-4EC7-B72E-CF1EFC2BBA29}.Release|x86.Build.0 = Release|Win32
	EndGlobalSection
	GlobalSection(SolutionProperties) = preSolution
		HideSolutionNode = FALSE
	EndGlobalSection
	GlobalSection(ExtensibilityGlobals) = postSolution
		SolutionGuid = {766A0E01-AA77-44C7-8D84-84894B7E5E9B}
	EndGlobalSection
EndGlobal
